
Microsoft Visual Studio Solution File, Format Version 12.00
# Visual Studio Version 17
VisualStudioVersion = 17.4.33403.182
MinimumVisualStudioVersion = 10.0.40219.1
Project("{FAE04EC0-301F-11D3-BF4B-00C04F79EFBC}") = "Recursividade", "Recursividade\Recursividade.csproj", "{605173AC-640C-463E-BA8F-CF0D41C0294C}"
EndProject
Global
	GlobalSection(SolutionConfigurationPlatforms) = preSolution
		Debug|Any CPU = Debug|Any CPU
		Release|Any CPU = Release|Any CPU
	EndGlobalSection
	GlobalSection(ProjectConfigurationPlatforms) = postSolution
		{605173AC-640C-463E-BA8F-CF0D41C0294C}.Debug|Any CPU.ActiveCfg = Debug|Any CPU
		{605173AC-640C-463E-BA8F-CF0D41C0294C}.Debug|Any CPU.Build.0 = Debug|Any CPU
		{605173AC-640C-463E-BA8F-CF0D41C0294C}.Release|Any CPU.ActiveCfg = Release|Any CPU
		{605173AC-640C-463E-BA8F-CF0D41C0294C}.Release|Any CPU.Build.0 = Release|Any CPU
	EndGlobalSection
	GlobalSection(SolutionProperties) = preSolution
		HideSolutionNode = FALSE
	EndGlobalSection
	GlobalSection(ExtensibilityGlobals) = postSolution
		SolutionGuid = {1EB0BBA6-4F16-420C-BE6E-1EA25EE071B2}
	EndGlobalSection
EndGlobal
