
Microsoft Visual Studio Solution File, Format Version 12.00
# Visual Studio Version 17
VisualStudioVersion = 17.4.33403.182
MinimumVisualStudioVersion = 10.0.40219.1
Project("{FAE04EC0-301F-11D3-BF4B-00C04F79EFBC}") = "Parte001", "Parte001\Parte001.csproj", "{7AF5648C-B675-45EE-8E89-779DB7A7F060}"
EndProject
Project("{FAE04EC0-301F-11D3-BF4B-00C04F79EFBC}") = "Parte002", "Parte002\Parte002.csproj", "{9DBA25DB-587F-4513-AA16-AA496AB92A48}"
EndProject
Project("{FAE04EC0-301F-11D3-BF4B-00C04F79EFBC}") = "Parte003", "Parte003\Parte003.csproj", "{84156903-407D-4809-BEDB-48F124F35435}"
EndProject
Project("{FAE04EC0-301F-11D3-BF4B-00C04F79EFBC}") = "Parte004", "Parte004\Parte004.csproj", "{DE87D636-0D82-463F-9D0A-930637335E80}"
EndProject
Project("{FAE04EC0-301F-11D3-BF4B-00C04F79EFBC}") = "Parte005", "Parte005\Parte005.csproj", "{465C8649-2082-40BC-8185-70FFF05F07B3}"
EndProject
Project("{FAE04EC0-301F-11D3-BF4B-00C04F79EFBC}") = "Parte006", "Parte006\Parte006.csproj", "{82F8E082-55FA-4FAC-B88D-7CD68D67AEEB}"
EndProject
Project("{FAE04EC0-301F-11D3-BF4B-00C04F79EFBC}") = "Parte007", "Parte007\Parte007.csproj", "{36AA37D6-57B6-4E08-8D58-67E143100FDC}"
EndProject
Project("{FAE04EC0-301F-11D3-BF4B-00C04F79EFBC}") = "Parte008", "Parte008\Parte008.csproj", "{3923158B-0D27-4B48-8F2D-6D1C811F077C}"
EndProject
Project("{FAE04EC0-301F-11D3-BF4B-00C04F79EFBC}") = "Parte009", "Parte009\Parte009.csproj", "{D32B2DC9-9E99-401F-8BCB-26278F5CBE8D}"
EndProject
Project("{FAE04EC0-301F-11D3-BF4B-00C04F79EFBC}") = "Utilitarios", "Utilitarios\Utilitarios.csproj", "{A5F8826E-DF32-4806-824E-DDDA7EC908C2}"
EndProject
Project("{FAE04EC0-301F-11D3-BF4B-00C04F79EFBC}") = "Parte010", "Parte010\Parte010.csproj", "{AABDA0FA-A2D9-4E63-AC63-6B86368275AE}"
EndProject
Project("{FAE04EC0-301F-11D3-BF4B-00C04F79EFBC}") = "Parte011", "Parte011\Parte011.csproj", "{F0026D3E-DCCD-41EF-884F-305695D751CC}"
EndProject
Project("{FAE04EC0-301F-11D3-BF4B-00C04F79EFBC}") = "Parte012", "Parte012\Parte012.csproj", "{495690BC-13AB-4EA4-8246-7CEAED43901A}"
EndProject
Project("{FAE04EC0-301F-11D3-BF4B-00C04F79EFBC}") = "Parte013", "Parte013\Parte013.csproj", "{20071B3F-EBE9-4192-B4B2-4481616E69E9}"
EndProject
Project("{FAE04EC0-301F-11D3-BF4B-00C04F79EFBC}") = "Parte014", "Parte014\Parte014.csproj", "{B7ECB3DD-8D39-4149-A4D7-C07B041A19F6}"
EndProject
Project("{FAE04EC0-301F-11D3-BF4B-00C04F79EFBC}") = "Parte015", "Parte015\Parte015.csproj", "{8E724FBC-4B59-464D-9E3A-737CE23357FA}"
EndProject
Project("{FAE04EC0-301F-11D3-BF4B-00C04F79EFBC}") = "Parte016", "Parte016\Parte016.csproj", "{811B2B9E-886D-48EC-A1B0-9C20F53671C0}"
EndProject
Project("{FAE04EC0-301F-11D3-BF4B-00C04F79EFBC}") = "Parte017", "Parte017\Parte017.csproj", "{6D8FE4E2-CD72-4D80-9A3C-65D128E30538}"
EndProject
Project("{FAE04EC0-301F-11D3-BF4B-00C04F79EFBC}") = "Parte018", "Parte018\Parte018.csproj", "{4D93E5A9-9EE4-40B8-BBBD-4A222AE1CF15}"
EndProject
Project("{FAE04EC0-301F-11D3-BF4B-00C04F79EFBC}") = "Parte019", "Parte019\Parte019.csproj", "{ADA295D8-655B-4E40-A38F-FCEE4AA9DA57}"
EndProject
Project("{FAE04EC0-301F-11D3-BF4B-00C04F79EFBC}") = "Parte020", "Parte020\Parte020.csproj", "{C1F9E1A9-091F-48C8-9162-C2F95544A46A}"
EndProject
Project("{FAE04EC0-301F-11D3-BF4B-00C04F79EFBC}") = "Parte021", "Parte021\Parte021.csproj", "{53A2D2EE-8573-49D6-8245-F42596BF8E32}"
EndProject
Project("{FAE04EC0-301F-11D3-BF4B-00C04F79EFBC}") = "Parte022", "Parte022\Parte022.csproj", "{385FB7A3-4E47-428E-9BBE-0FDA26368462}"
EndProject
Project("{FAE04EC0-301F-11D3-BF4B-00C04F79EFBC}") = "Parte023", "Parte023\Parte023.csproj", "{58F81F7D-1EC8-4A32-9243-8CE799B632C9}"
EndProject
Project("{FAE04EC0-301F-11D3-BF4B-00C04F79EFBC}") = "Parte024", "Parte024\Parte024.csproj", "{22D4CDC0-6867-4BDD-9324-8C2184A4A4E9}"
EndProject
Project("{FAE04EC0-301F-11D3-BF4B-00C04F79EFBC}") = "Parte025", "Parte025\Parte025.csproj", "{CE8E96F5-C5CE-4211-91B0-B6C9047BA90C}"
EndProject
Project("{FAE04EC0-301F-11D3-BF4B-00C04F79EFBC}") = "Parte026", "Parte026\Parte026.csproj", "{2AAA2DCC-65E3-4ED8-AE3D-75D6124FFCB6}"
EndProject
Project("{FAE04EC0-301F-11D3-BF4B-00C04F79EFBC}") = "Parte027", "Parte027\Parte027.csproj", "{3B152BE6-42D2-4FC4-A54B-E5A6FD816CDB}"
EndProject
Project("{FAE04EC0-301F-11D3-BF4B-00C04F79EFBC}") = "Parte028", "Projeto028\Parte028.csproj", "{F1BCB03F-B531-416E-A0A8-94A00A99E6D3}"
EndProject
Project("{FAE04EC0-301F-11D3-BF4B-00C04F79EFBC}") = "Parte029", "Parte029\Parte029.csproj", "{0C2931C4-9220-49CF-8FB2-B1264E62587B}"
EndProject
Project("{FAE04EC0-301F-11D3-BF4B-00C04F79EFBC}") = "Parte030", "Parte030\Parte030.csproj", "{FFC96989-FFD9-422E-AB8B-657BE9D84F92}"
EndProject
Project("{FAE04EC0-301F-11D3-BF4B-00C04F79EFBC}") = "Parte031", "Parte031\Parte031.csproj", "{F1123147-314A-4DA0-A137-52D6AA7C83AF}"
EndProject
Project("{FAE04EC0-301F-11D3-BF4B-00C04F79EFBC}") = "Parte032", "Parte032\Parte032.csproj", "{27F68F7F-A91D-4510-A314-4E3566C66DA2}"
EndProject
Project("{FAE04EC0-301F-11D3-BF4B-00C04F79EFBC}") = "Parte033", "Parte33\Parte033.csproj", "{DB483805-733B-416D-BF4F-61E2E69A9E42}"
EndProject
Project("{FAE04EC0-301F-11D3-BF4B-00C04F79EFBC}") = "Parte034", "Parte034\Parte034.csproj", "{97396633-FFA5-433E-8471-FF403BF2E016}"
EndProject
Project("{FAE04EC0-301F-11D3-BF4B-00C04F79EFBC}") = "Parte035", "Parte035\Parte035.csproj", "{DE47975E-5A27-4E2E-944C-1A6F4D6E4E46}"
EndProject
Project("{FAE04EC0-301F-11D3-BF4B-00C04F79EFBC}") = "Parte036", "Parte036\Parte036.csproj", "{69E6B7AE-9546-4AEC-98C4-478B7016B093}"
EndProject
Project("{FAE04EC0-301F-11D3-BF4B-00C04F79EFBC}") = "Parte037", "Parte037\Parte037.csproj", "{62B353BC-324B-4002-ABCD-869D268CCD5A}"
EndProject
Project("{FAE04EC0-301F-11D3-BF4B-00C04F79EFBC}") = "Parte038", "Parte038\Parte038.csproj", "{A28FD34C-1DA2-4E68-A07E-7A0C14DFF36D}"
EndProject
Project("{FAE04EC0-301F-11D3-BF4B-00C04F79EFBC}") = "Parte039", "Parte039\Parte039.csproj", "{136185D6-1D99-4BD4-B16E-A0B3108E187E}"
EndProject
Project("{FAE04EC0-301F-11D3-BF4B-00C04F79EFBC}") = "Parte040", "Parte040\Parte040.csproj", "{3C618954-2216-4D5A-9744-87D93457EEC9}"
EndProject
Project("{FAE04EC0-301F-11D3-BF4B-00C04F79EFBC}") = "Parte041", "Parte041\Parte041.csproj", "{0D58F48C-9690-4A49-B151-1D88EC9CB708}"
EndProject
Project("{FAE04EC0-301F-11D3-BF4B-00C04F79EFBC}") = "Parte042", "Parte042\Parte042.csproj", "{C6F0E21F-017B-499A-AB0E-A1059C386959}"
EndProject
Project("{FAE04EC0-301F-11D3-BF4B-00C04F79EFBC}") = "Parte043", "Parte043\Parte043.csproj", "{BAD5E863-F4E7-48E8-9DDE-119BCBD9EFA9}"
EndProject
Global
	GlobalSection(SolutionConfigurationPlatforms) = preSolution
		Debug|Any CPU = Debug|Any CPU
		Release|Any CPU = Release|Any CPU
	EndGlobalSection
	GlobalSection(ProjectConfigurationPlatforms) = postSolution
		{7AF5648C-B675-45EE-8E89-779DB7A7F060}.Debug|Any CPU.ActiveCfg = Debug|Any CPU
		{7AF5648C-B675-45EE-8E89-779DB7A7F060}.Debug|Any CPU.Build.0 = Debug|Any CPU
		{7AF5648C-B675-45EE-8E89-779DB7A7F060}.Release|Any CPU.ActiveCfg = Release|Any CPU
		{7AF5648C-B675-45EE-8E89-779DB7A7F060}.Release|Any CPU.Build.0 = Release|Any CPU
		{9DBA25DB-587F-4513-AA16-AA496AB92A48}.Debug|Any CPU.ActiveCfg = Debug|Any CPU
		{9DBA25DB-587F-4513-AA16-AA496AB92A48}.Debug|Any CPU.Build.0 = Debug|Any CPU
		{9DBA25DB-587F-4513-AA16-AA496AB92A48}.Release|Any CPU.ActiveCfg = Release|Any CPU
		{9DBA25DB-587F-4513-AA16-AA496AB92A48}.Release|Any CPU.Build.0 = Release|Any CPU
		{84156903-407D-4809-BEDB-48F124F35435}.Debug|Any CPU.ActiveCfg = Debug|Any CPU
		{84156903-407D-4809-BEDB-48F124F35435}.Debug|Any CPU.Build.0 = Debug|Any CPU
		{84156903-407D-4809-BEDB-48F124F35435}.Release|Any CPU.ActiveCfg = Release|Any CPU
		{84156903-407D-4809-BEDB-48F124F35435}.Release|Any CPU.Build.0 = Release|Any CPU
		{DE87D636-0D82-463F-9D0A-930637335E80}.Debug|Any CPU.ActiveCfg = Debug|Any CPU
		{DE87D636-0D82-463F-9D0A-930637335E80}.Debug|Any CPU.Build.0 = Debug|Any CPU
		{DE87D636-0D82-463F-9D0A-930637335E80}.Release|Any CPU.ActiveCfg = Release|Any CPU
		{DE87D636-0D82-463F-9D0A-930637335E80}.Release|Any CPU.Build.0 = Release|Any CPU
		{465C8649-2082-40BC-8185-70FFF05F07B3}.Debug|Any CPU.ActiveCfg = Debug|Any CPU
		{465C8649-2082-40BC-8185-70FFF05F07B3}.Debug|Any CPU.Build.0 = Debug|Any CPU
		{465C8649-2082-40BC-8185-70FFF05F07B3}.Release|Any CPU.ActiveCfg = Release|Any CPU
		{465C8649-2082-40BC-8185-70FFF05F07B3}.Release|Any CPU.Build.0 = Release|Any CPU
		{82F8E082-55FA-4FAC-B88D-7CD68D67AEEB}.Debug|Any CPU.ActiveCfg = Debug|Any CPU
		{82F8E082-55FA-4FAC-B88D-7CD68D67AEEB}.Debug|Any CPU.Build.0 = Debug|Any CPU
		{82F8E082-55FA-4FAC-B88D-7CD68D67AEEB}.Release|Any CPU.ActiveCfg = Release|Any CPU
		{82F8E082-55FA-4FAC-B88D-7CD68D67AEEB}.Release|Any CPU.Build.0 = Release|Any CPU
		{36AA37D6-57B6-4E08-8D58-67E143100FDC}.Debug|Any CPU.ActiveCfg = Debug|Any CPU
		{36AA37D6-57B6-4E08-8D58-67E143100FDC}.Debug|Any CPU.Build.0 = Debug|Any CPU
		{36AA37D6-57B6-4E08-8D58-67E143100FDC}.Release|Any CPU.ActiveCfg = Release|Any CPU
		{36AA37D6-57B6-4E08-8D58-67E143100FDC}.Release|Any CPU.Build.0 = Release|Any CPU
		{3923158B-0D27-4B48-8F2D-6D1C811F077C}.Debug|Any CPU.ActiveCfg = Debug|Any CPU
		{3923158B-0D27-4B48-8F2D-6D1C811F077C}.Debug|Any CPU.Build.0 = Debug|Any CPU
		{3923158B-0D27-4B48-8F2D-6D1C811F077C}.Release|Any CPU.ActiveCfg = Release|Any CPU
		{3923158B-0D27-4B48-8F2D-6D1C811F077C}.Release|Any CPU.Build.0 = Release|Any CPU
		{D32B2DC9-9E99-401F-8BCB-26278F5CBE8D}.Debug|Any CPU.ActiveCfg = Debug|Any CPU
		{D32B2DC9-9E99-401F-8BCB-26278F5CBE8D}.Debug|Any CPU.Build.0 = Debug|Any CPU
		{D32B2DC9-9E99-401F-8BCB-26278F5CBE8D}.Release|Any CPU.ActiveCfg = Release|Any CPU
		{D32B2DC9-9E99-401F-8BCB-26278F5CBE8D}.Release|Any CPU.Build.0 = Release|Any CPU
		{A5F8826E-DF32-4806-824E-DDDA7EC908C2}.Debug|Any CPU.ActiveCfg = Debug|Any CPU
		{A5F8826E-DF32-4806-824E-DDDA7EC908C2}.Debug|Any CPU.Build.0 = Debug|Any CPU
		{A5F8826E-DF32-4806-824E-DDDA7EC908C2}.Release|Any CPU.ActiveCfg = Release|Any CPU
		{A5F8826E-DF32-4806-824E-DDDA7EC908C2}.Release|Any CPU.Build.0 = Release|Any CPU
		{AABDA0FA-A2D9-4E63-AC63-6B86368275AE}.Debug|Any CPU.ActiveCfg = Debug|Any CPU
		{AABDA0FA-A2D9-4E63-AC63-6B86368275AE}.Debug|Any CPU.Build.0 = Debug|Any CPU
		{AABDA0FA-A2D9-4E63-AC63-6B86368275AE}.Release|Any CPU.ActiveCfg = Release|Any CPU
		{AABDA0FA-A2D9-4E63-AC63-6B86368275AE}.Release|Any CPU.Build.0 = Release|Any CPU
		{F0026D3E-DCCD-41EF-884F-305695D751CC}.Debug|Any CPU.ActiveCfg = Debug|Any CPU
		{F0026D3E-DCCD-41EF-884F-305695D751CC}.Debug|Any CPU.Build.0 = Debug|Any CPU
		{F0026D3E-DCCD-41EF-884F-305695D751CC}.Release|Any CPU.ActiveCfg = Release|Any CPU
		{F0026D3E-DCCD-41EF-884F-305695D751CC}.Release|Any CPU.Build.0 = Release|Any CPU
		{495690BC-13AB-4EA4-8246-7CEAED43901A}.Debug|Any CPU.ActiveCfg = Debug|Any CPU
		{495690BC-13AB-4EA4-8246-7CEAED43901A}.Debug|Any CPU.Build.0 = Debug|Any CPU
		{495690BC-13AB-4EA4-8246-7CEAED43901A}.Release|Any CPU.ActiveCfg = Release|Any CPU
		{495690BC-13AB-4EA4-8246-7CEAED43901A}.Release|Any CPU.Build.0 = Release|Any CPU
		{20071B3F-EBE9-4192-B4B2-4481616E69E9}.Debug|Any CPU.ActiveCfg = Debug|Any CPU
		{20071B3F-EBE9-4192-B4B2-4481616E69E9}.Debug|Any CPU.Build.0 = Debug|Any CPU
		{20071B3F-EBE9-4192-B4B2-4481616E69E9}.Release|Any CPU.ActiveCfg = Release|Any CPU
		{20071B3F-EBE9-4192-B4B2-4481616E69E9}.Release|Any CPU.Build.0 = Release|Any CPU
		{B7ECB3DD-8D39-4149-A4D7-C07B041A19F6}.Debug|Any CPU.ActiveCfg = Debug|Any CPU
		{B7ECB3DD-8D39-4149-A4D7-C07B041A19F6}.Debug|Any CPU.Build.0 = Debug|Any CPU
		{B7ECB3DD-8D39-4149-A4D7-C07B041A19F6}.Release|Any CPU.ActiveCfg = Release|Any CPU
		{B7ECB3DD-8D39-4149-A4D7-C07B041A19F6}.Release|Any CPU.Build.0 = Release|Any CPU
		{8E724FBC-4B59-464D-9E3A-737CE23357FA}.Debug|Any CPU.ActiveCfg = Debug|Any CPU
		{8E724FBC-4B59-464D-9E3A-737CE23357FA}.Debug|Any CPU.Build.0 = Debug|Any CPU
		{8E724FBC-4B59-464D-9E3A-737CE23357FA}.Release|Any CPU.ActiveCfg = Release|Any CPU
		{8E724FBC-4B59-464D-9E3A-737CE23357FA}.Release|Any CPU.Build.0 = Release|Any CPU
		{811B2B9E-886D-48EC-A1B0-9C20F53671C0}.Debug|Any CPU.ActiveCfg = Debug|Any CPU
		{811B2B9E-886D-48EC-A1B0-9C20F53671C0}.Debug|Any CPU.Build.0 = Debug|Any CPU
		{811B2B9E-886D-48EC-A1B0-9C20F53671C0}.Release|Any CPU.ActiveCfg = Release|Any CPU
		{811B2B9E-886D-48EC-A1B0-9C20F53671C0}.Release|Any CPU.Build.0 = Release|Any CPU
		{6D8FE4E2-CD72-4D80-9A3C-65D128E30538}.Debug|Any CPU.ActiveCfg = Debug|Any CPU
		{6D8FE4E2-CD72-4D80-9A3C-65D128E30538}.Debug|Any CPU.Build.0 = Debug|Any CPU
		{6D8FE4E2-CD72-4D80-9A3C-65D128E30538}.Release|Any CPU.ActiveCfg = Release|Any CPU
		{6D8FE4E2-CD72-4D80-9A3C-65D128E30538}.Release|Any CPU.Build.0 = Release|Any CPU
		{4D93E5A9-9EE4-40B8-BBBD-4A222AE1CF15}.Debug|Any CPU.ActiveCfg = Debug|Any CPU
		{4D93E5A9-9EE4-40B8-BBBD-4A222AE1CF15}.Debug|Any CPU.Build.0 = Debug|Any CPU
		{4D93E5A9-9EE4-40B8-BBBD-4A222AE1CF15}.Release|Any CPU.ActiveCfg = Release|Any CPU
		{4D93E5A9-9EE4-40B8-BBBD-4A222AE1CF15}.Release|Any CPU.Build.0 = Release|Any CPU
		{ADA295D8-655B-4E40-A38F-FCEE4AA9DA57}.Debug|Any CPU.ActiveCfg = Debug|Any CPU
		{ADA295D8-655B-4E40-A38F-FCEE4AA9DA57}.Debug|Any CPU.Build.0 = Debug|Any CPU
		{ADA295D8-655B-4E40-A38F-FCEE4AA9DA57}.Release|Any CPU.ActiveCfg = Release|Any CPU
		{ADA295D8-655B-4E40-A38F-FCEE4AA9DA57}.Release|Any CPU.Build.0 = Release|Any CPU
		{C1F9E1A9-091F-48C8-9162-C2F95544A46A}.Debug|Any CPU.ActiveCfg = Debug|Any CPU
		{C1F9E1A9-091F-48C8-9162-C2F95544A46A}.Debug|Any CPU.Build.0 = Debug|Any CPU
		{C1F9E1A9-091F-48C8-9162-C2F95544A46A}.Release|Any CPU.ActiveCfg = Release|Any CPU
		{C1F9E1A9-091F-48C8-9162-C2F95544A46A}.Release|Any CPU.Build.0 = Release|Any CPU
		{53A2D2EE-8573-49D6-8245-F42596BF8E32}.Debug|Any CPU.ActiveCfg = Debug|Any CPU
		{53A2D2EE-8573-49D6-8245-F42596BF8E32}.Debug|Any CPU.Build.0 = Debug|Any CPU
		{53A2D2EE-8573-49D6-8245-F42596BF8E32}.Release|Any CPU.ActiveCfg = Release|Any CPU
		{53A2D2EE-8573-49D6-8245-F42596BF8E32}.Release|Any CPU.Build.0 = Release|Any CPU
		{385FB7A3-4E47-428E-9BBE-0FDA26368462}.Debug|Any CPU.ActiveCfg = Debug|Any CPU
		{385FB7A3-4E47-428E-9BBE-0FDA26368462}.Debug|Any CPU.Build.0 = Debug|Any CPU
		{385FB7A3-4E47-428E-9BBE-0FDA26368462}.Release|Any CPU.ActiveCfg = Release|Any CPU
		{385FB7A3-4E47-428E-9BBE-0FDA26368462}.Release|Any CPU.Build.0 = Release|Any CPU
		{58F81F7D-1EC8-4A32-9243-8CE799B632C9}.Debug|Any CPU.ActiveCfg = Debug|Any CPU
		{58F81F7D-1EC8-4A32-9243-8CE799B632C9}.Debug|Any CPU.Build.0 = Debug|Any CPU
		{58F81F7D-1EC8-4A32-9243-8CE799B632C9}.Release|Any CPU.ActiveCfg = Release|Any CPU
		{58F81F7D-1EC8-4A32-9243-8CE799B632C9}.Release|Any CPU.Build.0 = Release|Any CPU
		{22D4CDC0-6867-4BDD-9324-8C2184A4A4E9}.Debug|Any CPU.ActiveCfg = Debug|Any CPU
		{22D4CDC0-6867-4BDD-9324-8C2184A4A4E9}.Debug|Any CPU.Build.0 = Debug|Any CPU
		{22D4CDC0-6867-4BDD-9324-8C2184A4A4E9}.Release|Any CPU.ActiveCfg = Release|Any CPU
		{22D4CDC0-6867-4BDD-9324-8C2184A4A4E9}.Release|Any CPU.Build.0 = Release|Any CPU
		{CE8E96F5-C5CE-4211-91B0-B6C9047BA90C}.Debug|Any CPU.ActiveCfg = Debug|Any CPU
		{CE8E96F5-C5CE-4211-91B0-B6C9047BA90C}.Debug|Any CPU.Build.0 = Debug|Any CPU
		{CE8E96F5-C5CE-4211-91B0-B6C9047BA90C}.Release|Any CPU.ActiveCfg = Release|Any CPU
		{CE8E96F5-C5CE-4211-91B0-B6C9047BA90C}.Release|Any CPU.Build.0 = Release|Any CPU
		{2AAA2DCC-65E3-4ED8-AE3D-75D6124FFCB6}.Debug|Any CPU.ActiveCfg = Debug|Any CPU
		{2AAA2DCC-65E3-4ED8-AE3D-75D6124FFCB6}.Debug|Any CPU.Build.0 = Debug|Any CPU
		{2AAA2DCC-65E3-4ED8-AE3D-75D6124FFCB6}.Release|Any CPU.ActiveCfg = Release|Any CPU
		{2AAA2DCC-65E3-4ED8-AE3D-75D6124FFCB6}.Release|Any CPU.Build.0 = Release|Any CPU
		{3B152BE6-42D2-4FC4-A54B-E5A6FD816CDB}.Debug|Any CPU.ActiveCfg = Debug|Any CPU
		{3B152BE6-42D2-4FC4-A54B-E5A6FD816CDB}.Debug|Any CPU.Build.0 = Debug|Any CPU
		{3B152BE6-42D2-4FC4-A54B-E5A6FD816CDB}.Release|Any CPU.ActiveCfg = Release|Any CPU
		{3B152BE6-42D2-4FC4-A54B-E5A6FD816CDB}.Release|Any CPU.Build.0 = Release|Any CPU
		{F1BCB03F-B531-416E-A0A8-94A00A99E6D3}.Debug|Any CPU.ActiveCfg = Debug|Any CPU
		{F1BCB03F-B531-416E-A0A8-94A00A99E6D3}.Debug|Any CPU.Build.0 = Debug|Any CPU
		{F1BCB03F-B531-416E-A0A8-94A00A99E6D3}.Release|Any CPU.ActiveCfg = Release|Any CPU
		{F1BCB03F-B531-416E-A0A8-94A00A99E6D3}.Release|Any CPU.Build.0 = Release|Any CPU
		{0C2931C4-9220-49CF-8FB2-B1264E62587B}.Debug|Any CPU.ActiveCfg = Debug|Any CPU
		{0C2931C4-9220-49CF-8FB2-B1264E62587B}.Debug|Any CPU.Build.0 = Debug|Any CPU
		{0C2931C4-9220-49CF-8FB2-B1264E62587B}.Release|Any CPU.ActiveCfg = Release|Any CPU
		{0C2931C4-9220-49CF-8FB2-B1264E62587B}.Release|Any CPU.Build.0 = Release|Any CPU
		{FFC96989-FFD9-422E-AB8B-657BE9D84F92}.Debug|Any CPU.ActiveCfg = Debug|Any CPU
		{FFC96989-FFD9-422E-AB8B-657BE9D84F92}.Debug|Any CPU.Build.0 = Debug|Any CPU
		{FFC96989-FFD9-422E-AB8B-657BE9D84F92}.Release|Any CPU.ActiveCfg = Release|Any CPU
		{FFC96989-FFD9-422E-AB8B-657BE9D84F92}.Release|Any CPU.Build.0 = Release|Any CPU
		{F1123147-314A-4DA0-A137-52D6AA7C83AF}.Debug|Any CPU.ActiveCfg = Debug|Any CPU
		{F1123147-314A-4DA0-A137-52D6AA7C83AF}.Debug|Any CPU.Build.0 = Debug|Any CPU
		{F1123147-314A-4DA0-A137-52D6AA7C83AF}.Release|Any CPU.ActiveCfg = Release|Any CPU
		{F1123147-314A-4DA0-A137-52D6AA7C83AF}.Release|Any CPU.Build.0 = Release|Any CPU
		{27F68F7F-A91D-4510-A314-4E3566C66DA2}.Debug|Any CPU.ActiveCfg = Debug|Any CPU
		{27F68F7F-A91D-4510-A314-4E3566C66DA2}.Debug|Any CPU.Build.0 = Debug|Any CPU
		{27F68F7F-A91D-4510-A314-4E3566C66DA2}.Release|Any CPU.ActiveCfg = Release|Any CPU
		{27F68F7F-A91D-4510-A314-4E3566C66DA2}.Release|Any CPU.Build.0 = Release|Any CPU
		{DB483805-733B-416D-BF4F-61E2E69A9E42}.Debug|Any CPU.ActiveCfg = Debug|Any CPU
		{DB483805-733B-416D-BF4F-61E2E69A9E42}.Debug|Any CPU.Build.0 = Debug|Any CPU
		{DB483805-733B-416D-BF4F-61E2E69A9E42}.Release|Any CPU.ActiveCfg = Release|Any CPU
		{DB483805-733B-416D-BF4F-61E2E69A9E42}.Release|Any CPU.Build.0 = Release|Any CPU
		{97396633-FFA5-433E-8471-FF403BF2E016}.Debug|Any CPU.ActiveCfg = Debug|Any CPU
		{97396633-FFA5-433E-8471-FF403BF2E016}.Debug|Any CPU.Build.0 = Debug|Any CPU
		{97396633-FFA5-433E-8471-FF403BF2E016}.Release|Any CPU.ActiveCfg = Release|Any CPU
		{97396633-FFA5-433E-8471-FF403BF2E016}.Release|Any CPU.Build.0 = Release|Any CPU
		{DE47975E-5A27-4E2E-944C-1A6F4D6E4E46}.Debug|Any CPU.ActiveCfg = Debug|Any CPU
		{DE47975E-5A27-4E2E-944C-1A6F4D6E4E46}.Debug|Any CPU.Build.0 = Debug|Any CPU
		{DE47975E-5A27-4E2E-944C-1A6F4D6E4E46}.Release|Any CPU.ActiveCfg = Release|Any CPU
		{DE47975E-5A27-4E2E-944C-1A6F4D6E4E46}.Release|Any CPU.Build.0 = Release|Any CPU
		{69E6B7AE-9546-4AEC-98C4-478B7016B093}.Debug|Any CPU.ActiveCfg = Debug|Any CPU
		{69E6B7AE-9546-4AEC-98C4-478B7016B093}.Debug|Any CPU.Build.0 = Debug|Any CPU
		{69E6B7AE-9546-4AEC-98C4-478B7016B093}.Release|Any CPU.ActiveCfg = Release|Any CPU
		{69E6B7AE-9546-4AEC-98C4-478B7016B093}.Release|Any CPU.Build.0 = Release|Any CPU
		{62B353BC-324B-4002-ABCD-869D268CCD5A}.Debug|Any CPU.ActiveCfg = Debug|Any CPU
		{62B353BC-324B-4002-ABCD-869D268CCD5A}.Debug|Any CPU.Build.0 = Debug|Any CPU
		{62B353BC-324B-4002-ABCD-869D268CCD5A}.Release|Any CPU.ActiveCfg = Release|Any CPU
		{62B353BC-324B-4002-ABCD-869D268CCD5A}.Release|Any CPU.Build.0 = Release|Any CPU
		{A28FD34C-1DA2-4E68-A07E-7A0C14DFF36D}.Debug|Any CPU.ActiveCfg = Debug|Any CPU
		{A28FD34C-1DA2-4E68-A07E-7A0C14DFF36D}.Debug|Any CPU.Build.0 = Debug|Any CPU
		{A28FD34C-1DA2-4E68-A07E-7A0C14DFF36D}.Release|Any CPU.ActiveCfg = Release|Any CPU
		{A28FD34C-1DA2-4E68-A07E-7A0C14DFF36D}.Release|Any CPU.Build.0 = Release|Any CPU
		{136185D6-1D99-4BD4-B16E-A0B3108E187E}.Debug|Any CPU.ActiveCfg = Debug|Any CPU
		{136185D6-1D99-4BD4-B16E-A0B3108E187E}.Debug|Any CPU.Build.0 = Debug|Any CPU
		{136185D6-1D99-4BD4-B16E-A0B3108E187E}.Release|Any CPU.ActiveCfg = Release|Any CPU
		{136185D6-1D99-4BD4-B16E-A0B3108E187E}.Release|Any CPU.Build.0 = Release|Any CPU
		{3C618954-2216-4D5A-9744-87D93457EEC9}.Debug|Any CPU.ActiveCfg = Debug|Any CPU
		{3C618954-2216-4D5A-9744-87D93457EEC9}.Debug|Any CPU.Build.0 = Debug|Any CPU
		{3C618954-2216-4D5A-9744-87D93457EEC9}.Release|Any CPU.ActiveCfg = Release|Any CPU
		{3C618954-2216-4D5A-9744-87D93457EEC9}.Release|Any CPU.Build.0 = Release|Any CPU
		{0D58F48C-9690-4A49-B151-1D88EC9CB708}.Debug|Any CPU.ActiveCfg = Debug|Any CPU
		{0D58F48C-9690-4A49-B151-1D88EC9CB708}.Debug|Any CPU.Build.0 = Debug|Any CPU
		{0D58F48C-9690-4A49-B151-1D88EC9CB708}.Release|Any CPU.ActiveCfg = Release|Any CPU
		{0D58F48C-9690-4A49-B151-1D88EC9CB708}.Release|Any CPU.Build.0 = Release|Any CPU
		{C6F0E21F-017B-499A-AB0E-A1059C386959}.Debug|Any CPU.ActiveCfg = Debug|Any CPU
		{C6F0E21F-017B-499A-AB0E-A1059C386959}.Debug|Any CPU.Build.0 = Debug|Any CPU
		{C6F0E21F-017B-499A-AB0E-A1059C386959}.Release|Any CPU.ActiveCfg = Release|Any CPU
		{C6F0E21F-017B-499A-AB0E-A1059C386959}.Release|Any CPU.Build.0 = Release|Any CPU
		{BAD5E863-F4E7-48E8-9DDE-119BCBD9EFA9}.Debug|Any CPU.ActiveCfg = Debug|Any CPU
		{BAD5E863-F4E7-48E8-9DDE-119BCBD9EFA9}.Debug|Any CPU.Build.0 = Debug|Any CPU
		{BAD5E863-F4E7-48E8-9DDE-119BCBD9EFA9}.Release|Any CPU.ActiveCfg = Release|Any CPU
		{BAD5E863-F4E7-48E8-9DDE-119BCBD9EFA9}.Release|Any CPU.Build.0 = Release|Any CPU
	EndGlobalSection
	GlobalSection(SolutionProperties) = preSolution
		HideSolutionNode = FALSE
	EndGlobalSection
	GlobalSection(ExtensibilityGlobals) = postSolution
		SolutionGuid = {0D4DD2B1-984F-4005-A051-7BCA8AB8A16A}
	EndGlobalSection
EndGlobal
