
Microsoft Visual Studio Solution File, Format Version 12.00
# Visual Studio Version 17
VisualStudioVersion = 17.4.33403.182
MinimumVisualStudioVersion = 10.0.40219.1
Project("{FAE04EC0-301F-11D3-BF4B-00C04F79EFBC}") = "Parte001", "Parte001\Parte001.csproj", "{7AF5648C-B675-45EE-8E89-779DB7A7F060}"
EndProject
Project("{FAE04EC0-301F-11D3-BF4B-00C04F79EFBC}") = "Parte002", "Parte002\Parte002.csproj", "{9DBA25DB-587F-4513-AA16-AA496AB92A48}"
EndProject
Project("{FAE04EC0-301F-11D3-BF4B-00C04F79EFBC}") = "Parte003", "Parte003\Parte003.csproj", "{84156903-407D-4809-BEDB-48F124F35435}"
EndProject
Project("{FAE04EC0-301F-11D3-BF4B-00C04F79EFBC}") = "Parte004", "Parte004\Parte004.csproj", "{DE87D636-0D82-463F-9D0A-930637335E80}"
EndProject
Project("{FAE04EC0-301F-11D3-BF4B-00C04F79EFBC}") = "Parte005", "Parte005\Parte005.csproj", "{465C8649-2082-40BC-8185-70FFF05F07B3}"
EndProject
Global
	GlobalSection(SolutionConfigurationPlatforms) = preSolution
		Debug|Any CPU = Debug|Any CPU
		Release|Any CPU = Release|Any CPU
	EndGlobalSection
	GlobalSection(ProjectConfigurationPlatforms) = postSolution
		{7AF5648C-B675-45EE-8E89-779DB7A7F060}.Debug|Any CPU.ActiveCfg = Debug|Any CPU
		{7AF5648C-B675-45EE-8E89-779DB7A7F060}.Debug|Any CPU.Build.0 = Debug|Any CPU
		{7AF5648C-B675-45EE-8E89-779DB7A7F060}.Release|Any CPU.ActiveCfg = Release|Any CPU
		{7AF5648C-B675-45EE-8E89-779DB7A7F060}.Release|Any CPU.Build.0 = Release|Any CPU
		{9DBA25DB-587F-4513-AA16-AA496AB92A48}.Debug|Any CPU.ActiveCfg = Debug|Any CPU
		{9DBA25DB-587F-4513-AA16-AA496AB92A48}.Debug|Any CPU.Build.0 = Debug|Any CPU
		{9DBA25DB-587F-4513-AA16-AA496AB92A48}.Release|Any CPU.ActiveCfg = Release|Any CPU
		{9DBA25DB-587F-4513-AA16-AA496AB92A48}.Release|Any CPU.Build.0 = Release|Any CPU
		{84156903-407D-4809-BEDB-48F124F35435}.Debug|Any CPU.ActiveCfg = Debug|Any CPU
		{84156903-407D-4809-BEDB-48F124F35435}.Debug|Any CPU.Build.0 = Debug|Any CPU
		{84156903-407D-4809-BEDB-48F124F35435}.Release|Any CPU.ActiveCfg = Release|Any CPU
		{84156903-407D-4809-BEDB-48F124F35435}.Release|Any CPU.Build.0 = Release|Any CPU
		{DE87D636-0D82-463F-9D0A-930637335E80}.Debug|Any CPU.ActiveCfg = Debug|Any CPU
		{DE87D636-0D82-463F-9D0A-930637335E80}.Debug|Any CPU.Build.0 = Debug|Any CPU
		{DE87D636-0D82-463F-9D0A-930637335E80}.Release|Any CPU.ActiveCfg = Release|Any CPU
		{DE87D636-0D82-463F-9D0A-930637335E80}.Release|Any CPU.Build.0 = Release|Any CPU
		{465C8649-2082-40BC-8185-70FFF05F07B3}.Debug|Any CPU.ActiveCfg = Debug|Any CPU
		{465C8649-2082-40BC-8185-70FFF05F07B3}.Debug|Any CPU.Build.0 = Debug|Any CPU
		{465C8649-2082-40BC-8185-70FFF05F07B3}.Release|Any CPU.ActiveCfg = Release|Any CPU
		{465C8649-2082-40BC-8185-70FFF05F07B3}.Release|Any CPU.Build.0 = Release|Any CPU
	EndGlobalSection
	GlobalSection(SolutionProperties) = preSolution
		HideSolutionNode = FALSE
	EndGlobalSection
	GlobalSection(ExtensibilityGlobals) = postSolution
		SolutionGuid = {0D4DD2B1-984F-4005-A051-7BCA8AB8A16A}
	EndGlobalSection
EndGlobal
