
Microsoft Visual Studio Solution File, Format Version 12.00
# Visual Studio Version 17
VisualStudioVersion = 17.4.33403.182
MinimumVisualStudioVersion = 10.0.40219.1
Project("{FAE04EC0-301F-11D3-BF4B-00C04F79EFBC}") = "Parte001", "Parte001\Parte001.csproj", "{7AF5648C-B675-45EE-8E89-779DB7A7F060}"
EndProject
Project("{FAE04EC0-301F-11D3-BF4B-00C04F79EFBC}") = "Parte002", "Parte002\Parte002.csproj", "{9DBA25DB-587F-4513-AA16-AA496AB92A48}"
EndProject
Project("{FAE04EC0-301F-11D3-BF4B-00C04F79EFBC}") = "Parte003", "Parte003\Parte003.csproj", "{84156903-407D-4809-BEDB-48F124F35435}"
EndProject
Project("{FAE04EC0-301F-11D3-BF4B-00C04F79EFBC}") = "Parte004", "Parte004\Parte004.csproj", "{DE87D636-0D82-463F-9D0A-930637335E80}"
EndProject
Project("{FAE04EC0-301F-11D3-BF4B-00C04F79EFBC}") = "Parte005", "Parte005\Parte005.csproj", "{465C8649-2082-40BC-8185-70FFF05F07B3}"
EndProject
Project("{FAE04EC0-301F-11D3-BF4B-00C04F79EFBC}") = "Parte006", "Parte006\Parte006.csproj", "{82F8E082-55FA-4FAC-B88D-7CD68D67AEEB}"
EndProject
Project("{FAE04EC0-301F-11D3-BF4B-00C04F79EFBC}") = "Parte007", "Parte007\Parte007.csproj", "{36AA37D6-57B6-4E08-8D58-67E143100FDC}"
EndProject
Project("{FAE04EC0-301F-11D3-BF4B-00C04F79EFBC}") = "Parte008", "Parte008\Parte008.csproj", "{3923158B-0D27-4B48-8F2D-6D1C811F077C}"
EndProject
Project("{FAE04EC0-301F-11D3-BF4B-00C04F79EFBC}") = "Parte009", "Parte009\Parte009.csproj", "{D32B2DC9-9E99-401F-8BCB-26278F5CBE8D}"
EndProject
Project("{FAE04EC0-301F-11D3-BF4B-00C04F79EFBC}") = "Utilitarios", "Utilitarios\Utilitarios.csproj", "{A5F8826E-DF32-4806-824E-DDDA7EC908C2}"
EndProject
Project("{FAE04EC0-301F-11D3-BF4B-00C04F79EFBC}") = "Parte010", "Parte010\Parte010.csproj", "{AABDA0FA-A2D9-4E63-AC63-6B86368275AE}"
EndProject
Project("{FAE04EC0-301F-11D3-BF4B-00C04F79EFBC}") = "Parte011", "Parte011\Parte011.csproj", "{F0026D3E-DCCD-41EF-884F-305695D751CC}"
EndProject
Project("{FAE04EC0-301F-11D3-BF4B-00C04F79EFBC}") = "Parte012", "Parte012\Parte012.csproj", "{495690BC-13AB-4EA4-8246-7CEAED43901A}"
EndProject
Project("{FAE04EC0-301F-11D3-BF4B-00C04F79EFBC}") = "Parte013", "Parte013\Parte013.csproj", "{20071B3F-EBE9-4192-B4B2-4481616E69E9}"
EndProject
Project("{FAE04EC0-301F-11D3-BF4B-00C04F79EFBC}") = "Parte014", "Parte014\Parte014.csproj", "{B7ECB3DD-8D39-4149-A4D7-C07B041A19F6}"
EndProject
Global
	GlobalSection(SolutionConfigurationPlatforms) = preSolution
		Debug|Any CPU = Debug|Any CPU
		Release|Any CPU = Release|Any CPU
	EndGlobalSection
	GlobalSection(ProjectConfigurationPlatforms) = postSolution
		{7AF5648C-B675-45EE-8E89-779DB7A7F060}.Debug|Any CPU.ActiveCfg = Debug|Any CPU
		{7AF5648C-B675-45EE-8E89-779DB7A7F060}.Debug|Any CPU.Build.0 = Debug|Any CPU
		{7AF5648C-B675-45EE-8E89-779DB7A7F060}.Release|Any CPU.ActiveCfg = Release|Any CPU
		{7AF5648C-B675-45EE-8E89-779DB7A7F060}.Release|Any CPU.Build.0 = Release|Any CPU
		{9DBA25DB-587F-4513-AA16-AA496AB92A48}.Debug|Any CPU.ActiveCfg = Debug|Any CPU
		{9DBA25DB-587F-4513-AA16-AA496AB92A48}.Debug|Any CPU.Build.0 = Debug|Any CPU
		{9DBA25DB-587F-4513-AA16-AA496AB92A48}.Release|Any CPU.ActiveCfg = Release|Any CPU
		{9DBA25DB-587F-4513-AA16-AA496AB92A48}.Release|Any CPU.Build.0 = Release|Any CPU
		{84156903-407D-4809-BEDB-48F124F35435}.Debug|Any CPU.ActiveCfg = Debug|Any CPU
		{84156903-407D-4809-BEDB-48F124F35435}.Debug|Any CPU.Build.0 = Debug|Any CPU
		{84156903-407D-4809-BEDB-48F124F35435}.Release|Any CPU.ActiveCfg = Release|Any CPU
		{84156903-407D-4809-BEDB-48F124F35435}.Release|Any CPU.Build.0 = Release|Any CPU
		{DE87D636-0D82-463F-9D0A-930637335E80}.Debug|Any CPU.ActiveCfg = Debug|Any CPU
		{DE87D636-0D82-463F-9D0A-930637335E80}.Debug|Any CPU.Build.0 = Debug|Any CPU
		{DE87D636-0D82-463F-9D0A-930637335E80}.Release|Any CPU.ActiveCfg = Release|Any CPU
		{DE87D636-0D82-463F-9D0A-930637335E80}.Release|Any CPU.Build.0 = Release|Any CPU
		{465C8649-2082-40BC-8185-70FFF05F07B3}.Debug|Any CPU.ActiveCfg = Debug|Any CPU
		{465C8649-2082-40BC-8185-70FFF05F07B3}.Debug|Any CPU.Build.0 = Debug|Any CPU
		{465C8649-2082-40BC-8185-70FFF05F07B3}.Release|Any CPU.ActiveCfg = Release|Any CPU
		{465C8649-2082-40BC-8185-70FFF05F07B3}.Release|Any CPU.Build.0 = Release|Any CPU
		{82F8E082-55FA-4FAC-B88D-7CD68D67AEEB}.Debug|Any CPU.ActiveCfg = Debug|Any CPU
		{82F8E082-55FA-4FAC-B88D-7CD68D67AEEB}.Debug|Any CPU.Build.0 = Debug|Any CPU
		{82F8E082-55FA-4FAC-B88D-7CD68D67AEEB}.Release|Any CPU.ActiveCfg = Release|Any CPU
		{82F8E082-55FA-4FAC-B88D-7CD68D67AEEB}.Release|Any CPU.Build.0 = Release|Any CPU
		{36AA37D6-57B6-4E08-8D58-67E143100FDC}.Debug|Any CPU.ActiveCfg = Debug|Any CPU
		{36AA37D6-57B6-4E08-8D58-67E143100FDC}.Debug|Any CPU.Build.0 = Debug|Any CPU
		{36AA37D6-57B6-4E08-8D58-67E143100FDC}.Release|Any CPU.ActiveCfg = Release|Any CPU
		{36AA37D6-57B6-4E08-8D58-67E143100FDC}.Release|Any CPU.Build.0 = Release|Any CPU
		{3923158B-0D27-4B48-8F2D-6D1C811F077C}.Debug|Any CPU.ActiveCfg = Debug|Any CPU
		{3923158B-0D27-4B48-8F2D-6D1C811F077C}.Debug|Any CPU.Build.0 = Debug|Any CPU
		{3923158B-0D27-4B48-8F2D-6D1C811F077C}.Release|Any CPU.ActiveCfg = Release|Any CPU
		{3923158B-0D27-4B48-8F2D-6D1C811F077C}.Release|Any CPU.Build.0 = Release|Any CPU
		{D32B2DC9-9E99-401F-8BCB-26278F5CBE8D}.Debug|Any CPU.ActiveCfg = Debug|Any CPU
		{D32B2DC9-9E99-401F-8BCB-26278F5CBE8D}.Debug|Any CPU.Build.0 = Debug|Any CPU
		{D32B2DC9-9E99-401F-8BCB-26278F5CBE8D}.Release|Any CPU.ActiveCfg = Release|Any CPU
		{D32B2DC9-9E99-401F-8BCB-26278F5CBE8D}.Release|Any CPU.Build.0 = Release|Any CPU
		{A5F8826E-DF32-4806-824E-DDDA7EC908C2}.Debug|Any CPU.ActiveCfg = Debug|Any CPU
		{A5F8826E-DF32-4806-824E-DDDA7EC908C2}.Debug|Any CPU.Build.0 = Debug|Any CPU
		{A5F8826E-DF32-4806-824E-DDDA7EC908C2}.Release|Any CPU.ActiveCfg = Release|Any CPU
		{A5F8826E-DF32-4806-824E-DDDA7EC908C2}.Release|Any CPU.Build.0 = Release|Any CPU
		{AABDA0FA-A2D9-4E63-AC63-6B86368275AE}.Debug|Any CPU.ActiveCfg = Debug|Any CPU
		{AABDA0FA-A2D9-4E63-AC63-6B86368275AE}.Debug|Any CPU.Build.0 = Debug|Any CPU
		{AABDA0FA-A2D9-4E63-AC63-6B86368275AE}.Release|Any CPU.ActiveCfg = Release|Any CPU
		{AABDA0FA-A2D9-4E63-AC63-6B86368275AE}.Release|Any CPU.Build.0 = Release|Any CPU
		{F0026D3E-DCCD-41EF-884F-305695D751CC}.Debug|Any CPU.ActiveCfg = Debug|Any CPU
		{F0026D3E-DCCD-41EF-884F-305695D751CC}.Debug|Any CPU.Build.0 = Debug|Any CPU
		{F0026D3E-DCCD-41EF-884F-305695D751CC}.Release|Any CPU.ActiveCfg = Release|Any CPU
		{F0026D3E-DCCD-41EF-884F-305695D751CC}.Release|Any CPU.Build.0 = Release|Any CPU
		{495690BC-13AB-4EA4-8246-7CEAED43901A}.Debug|Any CPU.ActiveCfg = Debug|Any CPU
		{495690BC-13AB-4EA4-8246-7CEAED43901A}.Debug|Any CPU.Build.0 = Debug|Any CPU
		{495690BC-13AB-4EA4-8246-7CEAED43901A}.Release|Any CPU.ActiveCfg = Release|Any CPU
		{495690BC-13AB-4EA4-8246-7CEAED43901A}.Release|Any CPU.Build.0 = Release|Any CPU
		{20071B3F-EBE9-4192-B4B2-4481616E69E9}.Debug|Any CPU.ActiveCfg = Debug|Any CPU
		{20071B3F-EBE9-4192-B4B2-4481616E69E9}.Debug|Any CPU.Build.0 = Debug|Any CPU
		{20071B3F-EBE9-4192-B4B2-4481616E69E9}.Release|Any CPU.ActiveCfg = Release|Any CPU
		{20071B3F-EBE9-4192-B4B2-4481616E69E9}.Release|Any CPU.Build.0 = Release|Any CPU
		{B7ECB3DD-8D39-4149-A4D7-C07B041A19F6}.Debug|Any CPU.ActiveCfg = Debug|Any CPU
		{B7ECB3DD-8D39-4149-A4D7-C07B041A19F6}.Debug|Any CPU.Build.0 = Debug|Any CPU
		{B7ECB3DD-8D39-4149-A4D7-C07B041A19F6}.Release|Any CPU.ActiveCfg = Release|Any CPU
		{B7ECB3DD-8D39-4149-A4D7-C07B041A19F6}.Release|Any CPU.Build.0 = Release|Any CPU
	EndGlobalSection
	GlobalSection(SolutionProperties) = preSolution
		HideSolutionNode = FALSE
	EndGlobalSection
	GlobalSection(ExtensibilityGlobals) = postSolution
		SolutionGuid = {0D4DD2B1-984F-4005-A051-7BCA8AB8A16A}
	EndGlobalSection
EndGlobal
