
Microsoft Visual Studio Solution File, Format Version 12.00
# Visual Studio Version 17
VisualStudioVersion = 17.4.33205.214
MinimumVisualStudioVersion = 10.0.40219.1
Project("{FAE04EC0-301F-11D3-BF4B-00C04F79EFBC}") = "Conversao", "ConversaoImplicita\Conversao.csproj", "{212EDE2A-53BE-491E-86FF-754E67E4EB7A}"
EndProject
Global
	GlobalSection(SolutionConfigurationPlatforms) = preSolution
		Debug|Any CPU = Debug|Any CPU
		Release|Any CPU = Release|Any CPU
	EndGlobalSection
	GlobalSection(ProjectConfigurationPlatforms) = postSolution
		{212EDE2A-53BE-491E-86FF-754E67E4EB7A}.Debug|Any CPU.ActiveCfg = Debug|Any CPU
		{212EDE2A-53BE-491E-86FF-754E67E4EB7A}.Debug|Any CPU.Build.0 = Debug|Any CPU
		{212EDE2A-53BE-491E-86FF-754E67E4EB7A}.Release|Any CPU.ActiveCfg = Release|Any CPU
		{212EDE2A-53BE-491E-86FF-754E67E4EB7A}.Release|Any CPU.Build.0 = Release|Any CPU
	EndGlobalSection
	GlobalSection(SolutionProperties) = preSolution
		HideSolutionNode = FALSE
	EndGlobalSection
	GlobalSection(ExtensibilityGlobals) = postSolution
		SolutionGuid = {B8339374-18EE-47AC-9713-954A1A5F2FE3}
	EndGlobalSection
EndGlobal
