
Microsoft Visual Studio Solution File, Format Version 12.00
# Visual Studio Version 17
VisualStudioVersion = 17.9.34616.47
MinimumVisualStudioVersion = 10.0.40219.1
Project("{FAE04EC0-301F-11D3-BF4B-00C04F79EFBC}") = "SocketChatServer", "SocketChatServer\SocketChatServer.csproj", "{BBB1F198-293C-4D72-97E8-F532799CC246}"
EndProject
Project("{FAE04EC0-301F-11D3-BF4B-00C04F79EFBC}") = "SocketChatClient", "SocketChatClient\SocketChatClient.csproj", "{09C3F6C4-813F-4B0F-900C-89C3DC72432B}"
EndProject
Global
	GlobalSection(SolutionConfigurationPlatforms) = preSolution
		Debug|Any CPU = Debug|Any CPU
		Release|Any CPU = Release|Any CPU
	EndGlobalSection
	GlobalSection(ProjectConfigurationPlatforms) = postSolution
		{BBB1F198-293C-4D72-97E8-F532799CC246}.Debug|Any CPU.ActiveCfg = Debug|Any CPU
		{BBB1F198-293C-4D72-97E8-F532799CC246}.Debug|Any CPU.Build.0 = Debug|Any CPU
		{BBB1F198-293C-4D72-97E8-F532799CC246}.Release|Any CPU.ActiveCfg = Release|Any CPU
		{BBB1F198-293C-4D72-97E8-F532799CC246}.Release|Any CPU.Build.0 = Release|Any CPU
		{09C3F6C4-813F-4B0F-900C-89C3DC72432B}.Debug|Any CPU.ActiveCfg = Debug|Any CPU
		{09C3F6C4-813F-4B0F-900C-89C3DC72432B}.Debug|Any CPU.Build.0 = Debug|Any CPU
		{09C3F6C4-813F-4B0F-900C-89C3DC72432B}.Release|Any CPU.ActiveCfg = Release|Any CPU
		{09C3F6C4-813F-4B0F-900C-89C3DC72432B}.Release|Any CPU.Build.0 = Release|Any CPU
	EndGlobalSection
	GlobalSection(SolutionProperties) = preSolution
		HideSolutionNode = FALSE
	EndGlobalSection
	GlobalSection(ExtensibilityGlobals) = postSolution
		SolutionGuid = {700CAB61-4C35-4B9C-9F0A-D8A6EEE1D830}
	EndGlobalSection
EndGlobal
