
Microsoft Visual Studio Solution File, Format Version 12.00
# Visual Studio Version 17
VisualStudioVersion = 17.4.33403.182
MinimumVisualStudioVersion = 10.0.40219.1
Project("{FAE04EC0-301F-11D3-BF4B-00C04F79EFBC}") = "ManipularNumeros", "ManipularNumeros\ManipularNumeros.csproj", "{407C9F46-993D-4950-A575-2F316F487989}"
EndProject
Global
	GlobalSection(SolutionConfigurationPlatforms) = preSolution
		Debug|Any CPU = Debug|Any CPU
		Release|Any CPU = Release|Any CPU
	EndGlobalSection
	GlobalSection(ProjectConfigurationPlatforms) = postSolution
		{407C9F46-993D-4950-A575-2F316F487989}.Debug|Any CPU.ActiveCfg = Debug|Any CPU
		{407C9F46-993D-4950-A575-2F316F487989}.Debug|Any CPU.Build.0 = Debug|Any CPU
		{407C9F46-993D-4950-A575-2F316F487989}.Release|Any CPU.ActiveCfg = Release|Any CPU
		{407C9F46-993D-4950-A575-2F316F487989}.Release|Any CPU.Build.0 = Release|Any CPU
	EndGlobalSection
	GlobalSection(SolutionProperties) = preSolution
		HideSolutionNode = FALSE
	EndGlobalSection
	GlobalSection(ExtensibilityGlobals) = postSolution
		SolutionGuid = {EE8B55C7-16AC-4489-B0CC-4B01795E93EA}
	EndGlobalSection
EndGlobal
