
Microsoft Visual Studio Solution File, Format Version 12.00
# Visual Studio Version 17
VisualStudioVersion = 17.4.33403.182
MinimumVisualStudioVersion = 10.0.40219.1
Project("{FAE04EC0-301F-11D3-BF4B-00C04F79EFBC}") = "GDIPlus", "GDIPlus\GDIPlus.csproj", "{31805E55-FBD9-4122-92A1-39BD739F5090}"
EndProject
Global
	GlobalSection(SolutionConfigurationPlatforms) = preSolution
		Debug|Any CPU = Debug|Any CPU
		Release|Any CPU = Release|Any CPU
	EndGlobalSection
	GlobalSection(ProjectConfigurationPlatforms) = postSolution
		{31805E55-FBD9-4122-92A1-39BD739F5090}.Debug|Any CPU.ActiveCfg = Debug|Any CPU
		{31805E55-FBD9-4122-92A1-39BD739F5090}.Debug|Any CPU.Build.0 = Debug|Any CPU
		{31805E55-FBD9-4122-92A1-39BD739F5090}.Release|Any CPU.ActiveCfg = Release|Any CPU
		{31805E55-FBD9-4122-92A1-39BD739F5090}.Release|Any CPU.Build.0 = Release|Any CPU
	EndGlobalSection
	GlobalSection(SolutionProperties) = preSolution
		HideSolutionNode = FALSE
	EndGlobalSection
	GlobalSection(ExtensibilityGlobals) = postSolution
		SolutionGuid = {FCA5DE93-81A7-4C28-8872-9ABBF293FC23}
	EndGlobalSection
EndGlobal
