
Microsoft Visual Studio Solution File, Format Version 12.00
# Visual Studio Version 17
VisualStudioVersion = 17.4.33403.182
MinimumVisualStudioVersion = 10.0.40219.1
Project("{FAE04EC0-301F-11D3-BF4B-00C04F79EFBC}") = "Raizes", "Raizes\Raizes.csproj", "{B7ECA026-1220-4D8D-93AC-EF38422833CC}"
EndProject
Global
	GlobalSection(SolutionConfigurationPlatforms) = preSolution
		Debug|Any CPU = Debug|Any CPU
		Release|Any CPU = Release|Any CPU
	EndGlobalSection
	GlobalSection(ProjectConfigurationPlatforms) = postSolution
		{B7ECA026-1220-4D8D-93AC-EF38422833CC}.Debug|Any CPU.ActiveCfg = Debug|Any CPU
		{B7ECA026-1220-4D8D-93AC-EF38422833CC}.Debug|Any CPU.Build.0 = Debug|Any CPU
		{B7ECA026-1220-4D8D-93AC-EF38422833CC}.Release|Any CPU.ActiveCfg = Release|Any CPU
		{B7ECA026-1220-4D8D-93AC-EF38422833CC}.Release|Any CPU.Build.0 = Release|Any CPU
	EndGlobalSection
	GlobalSection(SolutionProperties) = preSolution
		HideSolutionNode = FALSE
	EndGlobalSection
	GlobalSection(ExtensibilityGlobals) = postSolution
		SolutionGuid = {1BCA4553-2803-47DA-B1BE-0426E2B89373}
	EndGlobalSection
EndGlobal
