
Microsoft Visual Studio Solution File, Format Version 12.00
# Visual Studio Version 17
VisualStudioVersion = 17.4.33205.214
MinimumVisualStudioVersion = 10.0.40219.1
Project("{FAE04EC0-301F-11D3-BF4B-00C04F79EFBC}") = "EntradaSaida", "EntradaSaida\EntradaSaida.csproj", "{19B2D425-44B9-428E-87F0-084D7FB6B827}"
EndProject
Global
	GlobalSection(SolutionConfigurationPlatforms) = preSolution
		Debug|Any CPU = Debug|Any CPU
		Release|Any CPU = Release|Any CPU
	EndGlobalSection
	GlobalSection(ProjectConfigurationPlatforms) = postSolution
		{19B2D425-44B9-428E-87F0-084D7FB6B827}.Debug|Any CPU.ActiveCfg = Debug|Any CPU
		{19B2D425-44B9-428E-87F0-084D7FB6B827}.Debug|Any CPU.Build.0 = Debug|Any CPU
		{19B2D425-44B9-428E-87F0-084D7FB6B827}.Release|Any CPU.ActiveCfg = Release|Any CPU
		{19B2D425-44B9-428E-87F0-084D7FB6B827}.Release|Any CPU.Build.0 = Release|Any CPU
	EndGlobalSection
	GlobalSection(SolutionProperties) = preSolution
		HideSolutionNode = FALSE
	EndGlobalSection
	GlobalSection(ExtensibilityGlobals) = postSolution
		SolutionGuid = {F4B4E67E-85F0-4D71-9744-8A50F23448EA}
	EndGlobalSection
EndGlobal
