
Microsoft Visual Studio Solution File, Format Version 12.00
# Visual Studio Version 17
VisualStudioVersion = 17.9.34616.47
MinimumVisualStudioVersion = 10.0.40219.1
Project("{FAE04EC0-301F-11D3-BF4B-00C04F79EFBC}") = "Imprimir", "Imprimir\Imprimir.csproj", "{8BF601B4-7500-40B8-83BF-33DEF76B4846}"
EndProject
Global
	GlobalSection(SolutionConfigurationPlatforms) = preSolution
		Debug|Any CPU = Debug|Any CPU
		Release|Any CPU = Release|Any CPU
	EndGlobalSection
	GlobalSection(ProjectConfigurationPlatforms) = postSolution
		{8BF601B4-7500-40B8-83BF-33DEF76B4846}.Debug|Any CPU.ActiveCfg = Debug|Any CPU
		{8BF601B4-7500-40B8-83BF-33DEF76B4846}.Debug|Any CPU.Build.0 = Debug|Any CPU
		{8BF601B4-7500-40B8-83BF-33DEF76B4846}.Release|Any CPU.ActiveCfg = Release|Any CPU
		{8BF601B4-7500-40B8-83BF-33DEF76B4846}.Release|Any CPU.Build.0 = Release|Any CPU
	EndGlobalSection
	GlobalSection(SolutionProperties) = preSolution
		HideSolutionNode = FALSE
	EndGlobalSection
	GlobalSection(ExtensibilityGlobals) = postSolution
		SolutionGuid = {5C7D2EB6-87F3-4B16-B4E4-D3CD11E89357}
	EndGlobalSection
EndGlobal
