
Microsoft Visual Studio Solution File, Format Version 12.00
# Visual Studio Version 17
VisualStudioVersion = 17.4.33403.182
MinimumVisualStudioVersion = 10.0.40219.1
Project("{FAE04EC0-301F-11D3-BF4B-00C04F79EFBC}") = "Teste", "Teste\Teste.csproj", "{AADAE3DA-764B-4F64-AD6A-095454ECDC41}"
EndProject
Global
	GlobalSection(SolutionConfigurationPlatforms) = preSolution
		Debug|Any CPU = Debug|Any CPU
		Release|Any CPU = Release|Any CPU
	EndGlobalSection
	GlobalSection(ProjectConfigurationPlatforms) = postSolution
		{AADAE3DA-764B-4F64-AD6A-095454ECDC41}.Debug|Any CPU.ActiveCfg = Debug|Any CPU
		{AADAE3DA-764B-4F64-AD6A-095454ECDC41}.Debug|Any CPU.Build.0 = Debug|Any CPU
		{AADAE3DA-764B-4F64-AD6A-095454ECDC41}.Release|Any CPU.ActiveCfg = Release|Any CPU
		{AADAE3DA-764B-4F64-AD6A-095454ECDC41}.Release|Any CPU.Build.0 = Release|Any CPU
	EndGlobalSection
	GlobalSection(SolutionProperties) = preSolution
		HideSolutionNode = FALSE
	EndGlobalSection
	GlobalSection(ExtensibilityGlobals) = postSolution
		SolutionGuid = {59EA6ECC-D88D-4A6B-BA5C-F58A75C9264D}
	EndGlobalSection
EndGlobal
