
Microsoft Visual Studio Solution File, Format Version 12.00
# Visual Studio Version 17
VisualStudioVersion = 17.4.33403.182
MinimumVisualStudioVersion = 10.0.40219.1
Project("{FAE04EC0-301F-11D3-BF4B-00C04F79EFBC}") = "SistemaCadastro", "SistemaCadastro\SistemaCadastro.csproj", "{93B3C6A6-5C35-448E-A8E4-ABDDB92DC5E9}"
EndProject
Global
	GlobalSection(SolutionConfigurationPlatforms) = preSolution
		Debug|Any CPU = Debug|Any CPU
		Release|Any CPU = Release|Any CPU
	EndGlobalSection
	GlobalSection(ProjectConfigurationPlatforms) = postSolution
		{93B3C6A6-5C35-448E-A8E4-ABDDB92DC5E9}.Debug|Any CPU.ActiveCfg = Debug|Any CPU
		{93B3C6A6-5C35-448E-A8E4-ABDDB92DC5E9}.Debug|Any CPU.Build.0 = Debug|Any CPU
		{93B3C6A6-5C35-448E-A8E4-ABDDB92DC5E9}.Release|Any CPU.ActiveCfg = Release|Any CPU
		{93B3C6A6-5C35-448E-A8E4-ABDDB92DC5E9}.Release|Any CPU.Build.0 = Release|Any CPU
	EndGlobalSection
	GlobalSection(SolutionProperties) = preSolution
		HideSolutionNode = FALSE
	EndGlobalSection
	GlobalSection(ExtensibilityGlobals) = postSolution
		SolutionGuid = {592CB0CA-8FEE-4C95-8256-51AFF923B04A}
	EndGlobalSection
EndGlobal
