
Microsoft Visual Studio Solution File, Format Version 12.00
# Visual Studio Version 17
VisualStudioVersion = 17.4.33403.182
MinimumVisualStudioVersion = 10.0.40219.1
Project("{FAE04EC0-301F-11D3-BF4B-00C04F79EFBC}") = "FatorialRecursivo", "FatorialRecursivo\FatorialRecursivo.csproj", "{D118B67C-D10B-44C3-8688-2D08EA803418}"
EndProject
Global
	GlobalSection(SolutionConfigurationPlatforms) = preSolution
		Debug|Any CPU = Debug|Any CPU
		Release|Any CPU = Release|Any CPU
	EndGlobalSection
	GlobalSection(ProjectConfigurationPlatforms) = postSolution
		{D118B67C-D10B-44C3-8688-2D08EA803418}.Debug|Any CPU.ActiveCfg = Debug|Any CPU
		{D118B67C-D10B-44C3-8688-2D08EA803418}.Debug|Any CPU.Build.0 = Debug|Any CPU
		{D118B67C-D10B-44C3-8688-2D08EA803418}.Release|Any CPU.ActiveCfg = Release|Any CPU
		{D118B67C-D10B-44C3-8688-2D08EA803418}.Release|Any CPU.Build.0 = Release|Any CPU
	EndGlobalSection
	GlobalSection(SolutionProperties) = preSolution
		HideSolutionNode = FALSE
	EndGlobalSection
	GlobalSection(ExtensibilityGlobals) = postSolution
		SolutionGuid = {E960D982-222C-44C8-B2CE-6261F4C3E0FA}
	EndGlobalSection
EndGlobal
