
Microsoft Visual Studio Solution File, Format Version 12.00
# Visual Studio Version 17
VisualStudioVersion = 17.4.33213.308
MinimumVisualStudioVersion = 10.0.40219.1
Project("{FAE04EC0-301F-11D3-BF4B-00C04F79EFBC}") = "Controle", "Controle\Controle.csproj", "{8C12A574-ED65-4A95-AF09-4D89F1AF95AD}"
EndProject
Global
	GlobalSection(SolutionConfigurationPlatforms) = preSolution
		Debug|Any CPU = Debug|Any CPU
		Release|Any CPU = Release|Any CPU
	EndGlobalSection
	GlobalSection(ProjectConfigurationPlatforms) = postSolution
		{8C12A574-ED65-4A95-AF09-4D89F1AF95AD}.Debug|Any CPU.ActiveCfg = Debug|Any CPU
		{8C12A574-ED65-4A95-AF09-4D89F1AF95AD}.Debug|Any CPU.Build.0 = Debug|Any CPU
		{8C12A574-ED65-4A95-AF09-4D89F1AF95AD}.Release|Any CPU.ActiveCfg = Release|Any CPU
		{8C12A574-ED65-4A95-AF09-4D89F1AF95AD}.Release|Any CPU.Build.0 = Release|Any CPU
	EndGlobalSection
	GlobalSection(SolutionProperties) = preSolution
		HideSolutionNode = FALSE
	EndGlobalSection
	GlobalSection(ExtensibilityGlobals) = postSolution
		SolutionGuid = {5974410D-3537-464B-96C4-F6F6F6408A57}
	EndGlobalSection
EndGlobal
