
Microsoft Visual Studio Solution File, Format Version 12.00
# Visual Studio Version 17
VisualStudioVersion = 17.4.33213.308
MinimumVisualStudioVersion = 10.0.40219.1
Project("{FAE04EC0-301F-11D3-BF4B-00C04F79EFBC}") = "Ciclos", "Ciclos\Ciclos.csproj", "{55A03B5F-13CC-4A1D-99C0-41B51679224E}"
EndProject
Global
	GlobalSection(SolutionConfigurationPlatforms) = preSolution
		Debug|Any CPU = Debug|Any CPU
		Release|Any CPU = Release|Any CPU
	EndGlobalSection
	GlobalSection(ProjectConfigurationPlatforms) = postSolution
		{55A03B5F-13CC-4A1D-99C0-41B51679224E}.Debug|Any CPU.ActiveCfg = Debug|Any CPU
		{55A03B5F-13CC-4A1D-99C0-41B51679224E}.Debug|Any CPU.Build.0 = Debug|Any CPU
		{55A03B5F-13CC-4A1D-99C0-41B51679224E}.Release|Any CPU.ActiveCfg = Release|Any CPU
		{55A03B5F-13CC-4A1D-99C0-41B51679224E}.Release|Any CPU.Build.0 = Release|Any CPU
	EndGlobalSection
	GlobalSection(SolutionProperties) = preSolution
		HideSolutionNode = FALSE
	EndGlobalSection
	GlobalSection(ExtensibilityGlobals) = postSolution
		SolutionGuid = {3D5096BB-A9BE-4F7C-AAA9-ACD389603DDF}
	EndGlobalSection
EndGlobal
